
Microsoft Visual Studio Solution File, Format Version 12.00
# Visual Studio 2013
VisualStudioVersion = 12.0.31101.0
MinimumVisualStudioVersion = 10.0.40219.1
Project("{262852C6-CD72-467D-83FE-5EEB1973A190}") = "Pinard.Canal2RadioStreaming", "Pinard.Canal2RadioStreaming\Pinard.Canal2RadioStreaming.jsproj", "{EA402A5E-C391-4D4A-AB77-68BB69A39E29}"
EndProject
Project("{262852C6-CD72-467D-83FE-5EEB1973A190}") = "Pinard.Canal2RadioStreaming.Android", "Pinard.Canal2RadioStreaming.Android\Pinard.Canal2RadioStreaming.Android.jsproj", "{1702E98A-805A-442A-9477-7820E8634046}"
EndProject
Global
	GlobalSection(SolutionConfigurationPlatforms) = preSolution
		Debug|Android = Debug|Android
		Debug|iOS = Debug|iOS
		Debug|Windows Phone (Universal) = Debug|Windows Phone (Universal)
		Debug|Windows Phone 8 = Debug|Windows Phone 8
		Debug|Windows-AnyCPU = Debug|Windows-AnyCPU
		Debug|Windows-ARM = Debug|Windows-ARM
		Debug|Windows-x64 = Debug|Windows-x64
		Debug|Windows-x86 = Debug|Windows-x86
		Distribution|Android = Distribution|Android
		Distribution|iOS = Distribution|iOS
		Distribution|Windows Phone (Universal) = Distribution|Windows Phone (Universal)
		Distribution|Windows Phone 8 = Distribution|Windows Phone 8
		Distribution|Windows-AnyCPU = Distribution|Windows-AnyCPU
		Distribution|Windows-ARM = Distribution|Windows-ARM
		Distribution|Windows-x64 = Distribution|Windows-x64
		Distribution|Windows-x86 = Distribution|Windows-x86
		Release|Android = Release|Android
		Release|iOS = Release|iOS
		Release|Windows Phone (Universal) = Release|Windows Phone (Universal)
		Release|Windows Phone 8 = Release|Windows Phone 8
		Release|Windows-AnyCPU = Release|Windows-AnyCPU
		Release|Windows-ARM = Release|Windows-ARM
		Release|Windows-x64 = Release|Windows-x64
		Release|Windows-x86 = Release|Windows-x86
	EndGlobalSection
	GlobalSection(ProjectConfigurationPlatforms) = postSolution
		{EA402A5E-C391-4D4A-AB77-68BB69A39E29}.Debug|Android.ActiveCfg = Debug|Android
		{EA402A5E-C391-4D4A-AB77-68BB69A39E29}.Debug|Android.Build.0 = Debug|Android
		{EA402A5E-C391-4D4A-AB77-68BB69A39E29}.Debug|Android.Deploy.0 = Debug|Android
		{EA402A5E-C391-4D4A-AB77-68BB69A39E29}.Debug|iOS.ActiveCfg = Debug|iOS
		{EA402A5E-C391-4D4A-AB77-68BB69A39E29}.Debug|iOS.Build.0 = Debug|iOS
		{EA402A5E-C391-4D4A-AB77-68BB69A39E29}.Debug|iOS.Deploy.0 = Debug|iOS
		{EA402A5E-C391-4D4A-AB77-68BB69A39E29}.Debug|Windows Phone (Universal).ActiveCfg = Debug|Windows Phone (Universal)
		{EA402A5E-C391-4D4A-AB77-68BB69A39E29}.Debug|Windows Phone (Universal).Build.0 = Debug|Windows Phone (Universal)
		{EA402A5E-C391-4D4A-AB77-68BB69A39E29}.Debug|Windows Phone (Universal).Deploy.0 = Debug|Windows Phone (Universal)
		{EA402A5E-C391-4D4A-AB77-68BB69A39E29}.Debug|Windows Phone 8.ActiveCfg = Debug|Windows Phone 8
		{EA402A5E-C391-4D4A-AB77-68BB69A39E29}.Debug|Windows Phone 8.Build.0 = Debug|Windows Phone 8
		{EA402A5E-C391-4D4A-AB77-68BB69A39E29}.Debug|Windows Phone 8.Deploy.0 = Debug|Windows Phone 8
		{EA402A5E-C391-4D4A-AB77-68BB69A39E29}.Debug|Windows-AnyCPU.ActiveCfg = Debug|Windows-AnyCPU
		{EA402A5E-C391-4D4A-AB77-68BB69A39E29}.Debug|Windows-AnyCPU.Build.0 = Debug|Windows-AnyCPU
		{EA402A5E-C391-4D4A-AB77-68BB69A39E29}.Debug|Windows-AnyCPU.Deploy.0 = Debug|Windows-AnyCPU
		{EA402A5E-C391-4D4A-AB77-68BB69A39E29}.Debug|Windows-ARM.ActiveCfg = Debug|Windows-ARM
		{EA402A5E-C391-4D4A-AB77-68BB69A39E29}.Debug|Windows-ARM.Build.0 = Debug|Windows-ARM
		{EA402A5E-C391-4D4A-AB77-68BB69A39E29}.Debug|Windows-ARM.Deploy.0 = Debug|Windows-ARM
		{EA402A5E-C391-4D4A-AB77-68BB69A39E29}.Debug|Windows-x64.ActiveCfg = Debug|Windows-x64
		{EA402A5E-C391-4D4A-AB77-68BB69A39E29}.Debug|Windows-x64.Build.0 = Debug|Windows-x64
		{EA402A5E-C391-4D4A-AB77-68BB69A39E29}.Debug|Windows-x64.Deploy.0 = Debug|Windows-x64
		{EA402A5E-C391-4D4A-AB77-68BB69A39E29}.Debug|Windows-x86.ActiveCfg = Debug|Windows-x86
		{EA402A5E-C391-4D4A-AB77-68BB69A39E29}.Debug|Windows-x86.Build.0 = Debug|Windows-x86
		{EA402A5E-C391-4D4A-AB77-68BB69A39E29}.Debug|Windows-x86.Deploy.0 = Debug|Windows-x86
		{EA402A5E-C391-4D4A-AB77-68BB69A39E29}.Distribution|Android.ActiveCfg = Distribution|Android
		{EA402A5E-C391-4D4A-AB77-68BB69A39E29}.Distribution|Android.Build.0 = Distribution|Android
		{EA402A5E-C391-4D4A-AB77-68BB69A39E29}.Distribution|Android.Deploy.0 = Distribution|Android
		{EA402A5E-C391-4D4A-AB77-68BB69A39E29}.Distribution|iOS.ActiveCfg = Distribution|iOS
		{EA402A5E-C391-4D4A-AB77-68BB69A39E29}.Distribution|iOS.Build.0 = Distribution|iOS
		{EA402A5E-C391-4D4A-AB77-68BB69A39E29}.Distribution|iOS.Deploy.0 = Distribution|iOS
		{EA402A5E-C391-4D4A-AB77-68BB69A39E29}.Distribution|Windows Phone (Universal).ActiveCfg = Distribution|Windows Phone (Universal)
		{EA402A5E-C391-4D4A-AB77-68BB69A39E29}.Distribution|Windows Phone (Universal).Build.0 = Distribution|Windows Phone (Universal)
		{EA402A5E-C391-4D4A-AB77-68BB69A39E29}.Distribution|Windows Phone (Universal).Deploy.0 = Distribution|Windows Phone (Universal)
		{EA402A5E-C391-4D4A-AB77-68BB69A39E29}.Distribution|Windows Phone 8.ActiveCfg = Distribution|Windows Phone 8
		{EA402A5E-C391-4D4A-AB77-68BB69A39E29}.Distribution|Windows Phone 8.Build.0 = Distribution|Windows Phone 8
		{EA402A5E-C391-4D4A-AB77-68BB69A39E29}.Distribution|Windows Phone 8.Deploy.0 = Distribution|Windows Phone 8
		{EA402A5E-C391-4D4A-AB77-68BB69A39E29}.Distribution|Windows-AnyCPU.ActiveCfg = Distribution|Windows-AnyCPU
		{EA402A5E-C391-4D4A-AB77-68BB69A39E29}.Distribution|Windows-AnyCPU.Build.0 = Distribution|Windows-AnyCPU
		{EA402A5E-C391-4D4A-AB77-68BB69A39E29}.Distribution|Windows-AnyCPU.Deploy.0 = Distribution|Windows-AnyCPU
		{EA402A5E-C391-4D4A-AB77-68BB69A39E29}.Distribution|Windows-ARM.ActiveCfg = Distribution|Windows-ARM
		{EA402A5E-C391-4D4A-AB77-68BB69A39E29}.Distribution|Windows-ARM.Build.0 = Distribution|Windows-ARM
		{EA402A5E-C391-4D4A-AB77-68BB69A39E29}.Distribution|Windows-ARM.Deploy.0 = Distribution|Windows-ARM
		{EA402A5E-C391-4D4A-AB77-68BB69A39E29}.Distribution|Windows-x64.ActiveCfg = Distribution|Windows-x64
		{EA402A5E-C391-4D4A-AB77-68BB69A39E29}.Distribution|Windows-x64.Build.0 = Distribution|Windows-x64
		{EA402A5E-C391-4D4A-AB77-68BB69A39E29}.Distribution|Windows-x64.Deploy.0 = Distribution|Windows-x64
		{EA402A5E-C391-4D4A-AB77-68BB69A39E29}.Distribution|Windows-x86.ActiveCfg = Distribution|Windows-x86
		{EA402A5E-C391-4D4A-AB77-68BB69A39E29}.Distribution|Windows-x86.Build.0 = Distribution|Windows-x86
		{EA402A5E-C391-4D4A-AB77-68BB69A39E29}.Distribution|Windows-x86.Deploy.0 = Distribution|Windows-x86
		{EA402A5E-C391-4D4A-AB77-68BB69A39E29}.Release|Android.ActiveCfg = Release|Android
		{EA402A5E-C391-4D4A-AB77-68BB69A39E29}.Release|Android.Build.0 = Release|Android
		{EA402A5E-C391-4D4A-AB77-68BB69A39E29}.Release|Android.Deploy.0 = Release|Android
		{EA402A5E-C391-4D4A-AB77-68BB69A39E29}.Release|iOS.ActiveCfg = Release|iOS
		{EA402A5E-C391-4D4A-AB77-68BB69A39E29}.Release|iOS.Build.0 = Release|iOS
		{EA402A5E-C391-4D4A-AB77-68BB69A39E29}.Release|iOS.Deploy.0 = Release|iOS
		{EA402A5E-C391-4D4A-AB77-68BB69A39E29}.Release|Windows Phone (Universal).ActiveCfg = Release|Windows Phone (Universal)
		{EA402A5E-C391-4D4A-AB77-68BB69A39E29}.Release|Windows Phone (Universal).Build.0 = Release|Windows Phone (Universal)
		{EA402A5E-C391-4D4A-AB77-68BB69A39E29}.Release|Windows Phone (Universal).Deploy.0 = Release|Windows Phone (Universal)
		{EA402A5E-C391-4D4A-AB77-68BB69A39E29}.Release|Windows Phone 8.ActiveCfg = Release|Windows Phone 8
		{EA402A5E-C391-4D4A-AB77-68BB69A39E29}.Release|Windows Phone 8.Build.0 = Release|Windows Phone 8
		{EA402A5E-C391-4D4A-AB77-68BB69A39E29}.Release|Windows Phone 8.Deploy.0 = Release|Windows Phone 8
		{EA402A5E-C391-4D4A-AB77-68BB69A39E29}.Release|Windows-AnyCPU.ActiveCfg = Release|Windows-AnyCPU
		{EA402A5E-C391-4D4A-AB77-68BB69A39E29}.Release|Windows-AnyCPU.Build.0 = Release|Windows-AnyCPU
		{EA402A5E-C391-4D4A-AB77-68BB69A39E29}.Release|Windows-AnyCPU.Deploy.0 = Release|Windows-AnyCPU
		{EA402A5E-C391-4D4A-AB77-68BB69A39E29}.Release|Windows-ARM.ActiveCfg = Release|Windows-ARM
		{EA402A5E-C391-4D4A-AB77-68BB69A39E29}.Release|Windows-ARM.Build.0 = Release|Windows-ARM
		{EA402A5E-C391-4D4A-AB77-68BB69A39E29}.Release|Windows-ARM.Deploy.0 = Release|Windows-ARM
		{EA402A5E-C391-4D4A-AB77-68BB69A39E29}.Release|Windows-x64.ActiveCfg = Release|Windows-x64
		{EA402A5E-C391-4D4A-AB77-68BB69A39E29}.Release|Windows-x64.Build.0 = Release|Windows-x64
		{EA402A5E-C391-4D4A-AB77-68BB69A39E29}.Release|Windows-x64.Deploy.0 = Release|Windows-x64
		{EA402A5E-C391-4D4A-AB77-68BB69A39E29}.Release|Windows-x86.ActiveCfg = Release|Windows-x86
		{EA402A5E-C391-4D4A-AB77-68BB69A39E29}.Release|Windows-x86.Build.0 = Release|Windows-x86
		{EA402A5E-C391-4D4A-AB77-68BB69A39E29}.Release|Windows-x86.Deploy.0 = Release|Windows-x86
		{1702E98A-805A-442A-9477-7820E8634046}.Debug|Android.ActiveCfg = Debug|Android
		{1702E98A-805A-442A-9477-7820E8634046}.Debug|Android.Build.0 = Debug|Android
		{1702E98A-805A-442A-9477-7820E8634046}.Debug|Android.Deploy.0 = Debug|Android
		{1702E98A-805A-442A-9477-7820E8634046}.Debug|iOS.ActiveCfg = Debug|iOS
		{1702E98A-805A-442A-9477-7820E8634046}.Debug|iOS.Build.0 = Debug|iOS
		{1702E98A-805A-442A-9477-7820E8634046}.Debug|iOS.Deploy.0 = Debug|iOS
		{1702E98A-805A-442A-9477-7820E8634046}.Debug|Windows Phone (Universal).ActiveCfg = Debug|Windows Phone (Universal)
		{1702E98A-805A-442A-9477-7820E8634046}.Debug|Windows Phone (Universal).Build.0 = Debug|Windows Phone (Universal)
		{1702E98A-805A-442A-9477-7820E8634046}.Debug|Windows Phone (Universal).Deploy.0 = Debug|Windows Phone (Universal)
		{1702E98A-805A-442A-9477-7820E8634046}.Debug|Windows Phone 8.ActiveCfg = Debug|Windows Phone 8
		{1702E98A-805A-442A-9477-7820E8634046}.Debug|Windows Phone 8.Build.0 = Debug|Windows Phone 8
		{1702E98A-805A-442A-9477-7820E8634046}.Debug|Windows Phone 8.Deploy.0 = Debug|Windows Phone 8
		{1702E98A-805A-442A-9477-7820E8634046}.Debug|Windows-AnyCPU.ActiveCfg = Debug|Windows-AnyCPU
		{1702E98A-805A-442A-9477-7820E8634046}.Debug|Windows-AnyCPU.Build.0 = Debug|Windows-AnyCPU
		{1702E98A-805A-442A-9477-7820E8634046}.Debug|Windows-AnyCPU.Deploy.0 = Debug|Windows-AnyCPU
		{1702E98A-805A-442A-9477-7820E8634046}.Debug|Windows-ARM.ActiveCfg = Debug|Windows-ARM
		{1702E98A-805A-442A-9477-7820E8634046}.Debug|Windows-ARM.Build.0 = Debug|Windows-ARM
		{1702E98A-805A-442A-9477-7820E8634046}.Debug|Windows-ARM.Deploy.0 = Debug|Windows-ARM
		{1702E98A-805A-442A-9477-7820E8634046}.Debug|Windows-x64.ActiveCfg = Debug|Windows-x64
		{1702E98A-805A-442A-9477-7820E8634046}.Debug|Windows-x64.Build.0 = Debug|Windows-x64
		{1702E98A-805A-442A-9477-7820E8634046}.Debug|Windows-x64.Deploy.0 = Debug|Windows-x64
		{1702E98A-805A-442A-9477-7820E8634046}.Debug|Windows-x86.ActiveCfg = Debug|Windows-x86
		{1702E98A-805A-442A-9477-7820E8634046}.Debug|Windows-x86.Build.0 = Debug|Windows-x86
		{1702E98A-805A-442A-9477-7820E8634046}.Debug|Windows-x86.Deploy.0 = Debug|Windows-x86
		{1702E98A-805A-442A-9477-7820E8634046}.Distribution|Android.ActiveCfg = Distribution|Android
		{1702E98A-805A-442A-9477-7820E8634046}.Distribution|Android.Build.0 = Distribution|Android
		{1702E98A-805A-442A-9477-7820E8634046}.Distribution|Android.Deploy.0 = Distribution|Android
		{1702E98A-805A-442A-9477-7820E8634046}.Distribution|iOS.ActiveCfg = Distribution|iOS
		{1702E98A-805A-442A-9477-7820E8634046}.Distribution|iOS.Build.0 = Distribution|iOS
		{1702E98A-805A-442A-9477-7820E8634046}.Distribution|iOS.Deploy.0 = Distribution|iOS
		{1702E98A-805A-442A-9477-7820E8634046}.Distribution|Windows Phone (Universal).ActiveCfg = Distribution|Windows Phone (Universal)
		{1702E98A-805A-442A-9477-7820E8634046}.Distribution|Windows Phone (Universal).Build.0 = Distribution|Windows Phone (Universal)
		{1702E98A-805A-442A-9477-7820E8634046}.Distribution|Windows Phone (Universal).Deploy.0 = Distribution|Windows Phone (Universal)
		{1702E98A-805A-442A-9477-7820E8634046}.Distribution|Windows Phone 8.ActiveCfg = Distribution|Windows Phone 8
		{1702E98A-805A-442A-9477-7820E8634046}.Distribution|Windows Phone 8.Build.0 = Distribution|Windows Phone 8
		{1702E98A-805A-442A-9477-7820E8634046}.Distribution|Windows Phone 8.Deploy.0 = Distribution|Windows Phone 8
		{1702E98A-805A-442A-9477-7820E8634046}.Distribution|Windows-AnyCPU.ActiveCfg = Distribution|Windows-AnyCPU
		{1702E98A-805A-442A-9477-7820E8634046}.Distribution|Windows-AnyCPU.Build.0 = Distribution|Windows-AnyCPU
		{1702E98A-805A-442A-9477-7820E8634046}.Distribution|Windows-AnyCPU.Deploy.0 = Distribution|Windows-AnyCPU
		{1702E98A-805A-442A-9477-7820E8634046}.Distribution|Windows-ARM.ActiveCfg = Distribution|Windows-ARM
		{1702E98A-805A-442A-9477-7820E8634046}.Distribution|Windows-ARM.Build.0 = Distribution|Windows-ARM
		{1702E98A-805A-442A-9477-7820E8634046}.Distribution|Windows-ARM.Deploy.0 = Distribution|Windows-ARM
		{1702E98A-805A-442A-9477-7820E8634046}.Distribution|Windows-x64.ActiveCfg = Distribution|Windows-x64
		{1702E98A-805A-442A-9477-7820E8634046}.Distribution|Windows-x64.Build.0 = Distribution|Windows-x64
		{1702E98A-805A-442A-9477-7820E8634046}.Distribution|Windows-x64.Deploy.0 = Distribution|Windows-x64
		{1702E98A-805A-442A-9477-7820E8634046}.Distribution|Windows-x86.ActiveCfg = Distribution|Windows-x86
		{1702E98A-805A-442A-9477-7820E8634046}.Distribution|Windows-x86.Build.0 = Distribution|Windows-x86
		{1702E98A-805A-442A-9477-7820E8634046}.Distribution|Windows-x86.Deploy.0 = Distribution|Windows-x86
		{1702E98A-805A-442A-9477-7820E8634046}.Release|Android.ActiveCfg = Release|Android
		{1702E98A-805A-442A-9477-7820E8634046}.Release|Android.Build.0 = Release|Android
		{1702E98A-805A-442A-9477-7820E8634046}.Release|Android.Deploy.0 = Release|Android
		{1702E98A-805A-442A-9477-7820E8634046}.Release|iOS.ActiveCfg = Release|iOS
		{1702E98A-805A-442A-9477-7820E8634046}.Release|iOS.Build.0 = Release|iOS
		{1702E98A-805A-442A-9477-7820E8634046}.Release|iOS.Deploy.0 = Release|iOS
		{1702E98A-805A-442A-9477-7820E8634046}.Release|Windows Phone (Universal).ActiveCfg = Release|Windows Phone (Universal)
		{1702E98A-805A-442A-9477-7820E8634046}.Release|Windows Phone (Universal).Build.0 = Release|Windows Phone (Universal)
		{1702E98A-805A-442A-9477-7820E8634046}.Release|Windows Phone (Universal).Deploy.0 = Release|Windows Phone (Universal)
		{1702E98A-805A-442A-9477-7820E8634046}.Release|Windows Phone 8.ActiveCfg = Release|Windows Phone 8
		{1702E98A-805A-442A-9477-7820E8634046}.Release|Windows Phone 8.Build.0 = Release|Windows Phone 8
		{1702E98A-805A-442A-9477-7820E8634046}.Release|Windows Phone 8.Deploy.0 = Release|Windows Phone 8
		{1702E98A-805A-442A-9477-7820E8634046}.Release|Windows-AnyCPU.ActiveCfg = Release|Windows-AnyCPU
		{1702E98A-805A-442A-9477-7820E8634046}.Release|Windows-AnyCPU.Build.0 = Release|Windows-AnyCPU
		{1702E98A-805A-442A-9477-7820E8634046}.Release|Windows-AnyCPU.Deploy.0 = Release|Windows-AnyCPU
		{1702E98A-805A-442A-9477-7820E8634046}.Release|Windows-ARM.ActiveCfg = Release|Windows-ARM
		{1702E98A-805A-442A-9477-7820E8634046}.Release|Windows-ARM.Build.0 = Release|Windows-ARM
		{1702E98A-805A-442A-9477-7820E8634046}.Release|Windows-ARM.Deploy.0 = Release|Windows-ARM
		{1702E98A-805A-442A-9477-7820E8634046}.Release|Windows-x64.ActiveCfg = Release|Windows-x64
		{1702E98A-805A-442A-9477-7820E8634046}.Release|Windows-x64.Build.0 = Release|Windows-x64
		{1702E98A-805A-442A-9477-7820E8634046}.Release|Windows-x64.Deploy.0 = Release|Windows-x64
		{1702E98A-805A-442A-9477-7820E8634046}.Release|Windows-x86.ActiveCfg = Release|Windows-x86
		{1702E98A-805A-442A-9477-7820E8634046}.Release|Windows-x86.Build.0 = Release|Windows-x86
		{1702E98A-805A-442A-9477-7820E8634046}.Release|Windows-x86.Deploy.0 = Release|Windows-x86
	EndGlobalSection
	GlobalSection(SolutionProperties) = preSolution
		HideSolutionNode = FALSE
	EndGlobalSection
EndGlobal
